
Microsoft Visual Studio Solution File, Format Version 12.00
# Visual Studio Version 17
VisualStudioVersion = 17.4.33213.308
MinimumVisualStudioVersion = 10.0.40219.1
Project("{FAE04EC0-301F-11D3-BF4B-00C04F79EFBC}") = "Routing_Sample", "Routing_Sample\Routing_Sample.csproj", "{A63298CF-6046-45DB-9401-9E105E20E455}"
EndProject
Global
	GlobalSection(SolutionConfigurationPlatforms) = preSolution
		Debug|Any CPU = Debug|Any CPU
		Release|Any CPU = Release|Any CPU
	EndGlobalSection
	GlobalSection(ProjectConfigurationPlatforms) = postSolution
		{A63298CF-6046-45DB-9401-9E105E20E455}.Debug|Any CPU.ActiveCfg = Debug|Any CPU
		{A63298CF-6046-45DB-9401-9E105E20E455}.Debug|Any CPU.Build.0 = Debug|Any CPU
		{A63298CF-6046-45DB-9401-9E105E20E455}.Release|Any CPU.ActiveCfg = Release|Any CPU
		{A63298CF-6046-45DB-9401-9E105E20E455}.Release|Any CPU.Build.0 = Release|Any CPU
	EndGlobalSection
	GlobalSection(SolutionProperties) = preSolution
		HideSolutionNode = FALSE
	EndGlobalSection
	GlobalSection(ExtensibilityGlobals) = postSolution
		SolutionGuid = {F84C50BD-848F-4564-B5F8-251C89013D01}
	EndGlobalSection
EndGlobal
